
Microsoft Visual Studio Solution File, Format Version 12.00
# Visual Studio Version 17
VisualStudioVersion = 17.4.33205.214
MinimumVisualStudioVersion = 10.0.40219.1
Project("{FAE04EC0-301F-11D3-BF4B-00C04F79EFBC}") = "NanoBT.Android", "NanoBT\NanoBT.Android\NanoBT.Android.csproj", "{75BE7F66-4B53-4A82-B126-74B05F34C6E6}"
EndProject
Project("{9A19103F-16F7-4668-BE54-9A1E7A4F7556}") = "NanoBT", "NanoBT\NanoBT\NanoBT.csproj", "{E8974047-4D25-47B5-A515-B5E26F986635}"
	ProjectSection(ProjectDependencies) = postProject
		{9AA6FDA3-1829-4B43-9E5B-CA8C4F7E78DC} = {9AA6FDA3-1829-4B43-9E5B-CA8C4F7E78DC}
	EndProjectSection
EndProject
Project("{9A19103F-16F7-4668-BE54-9A1E7A4F7556}") = "XamiTextSharpLGPLv2", "XamiTextSharpLGPLv2\XamiTextSharpLGPLv2.csproj", "{9AA6FDA3-1829-4B43-9E5B-CA8C4F7E78DC}"
EndProject
Project("{FAE04EC0-301F-11D3-BF4B-00C04F79EFBC}") = "UnitTestProject2", "UnitTestProject2\UnitTestProject2.csproj", "{CF28CD2A-4F80-4F21-9712-81ED8CAD3884}"
EndProject
Global
	GlobalSection(SolutionConfigurationPlatforms) = preSolution
		ALTIA|Any CPU = ALTIA|Any CPU
		AUSTRALIA|Any CPU = AUSTRALIA|Any CPU
		AUTOBACS|Any CPU = AUTOBACS|Any CPU
		Debug|Any CPU = Debug|Any CPU
		Release|Any CPU = Release|Any CPU
		SNAPON|Any CPU = SNAPON|Any CPU
		SNAPON2|Any CPU = SNAPON2|Any CPU
		TOOLPLANET|Any CPU = TOOLPLANET|Any CPU
	EndGlobalSection
	GlobalSection(ProjectConfigurationPlatforms) = postSolution
		{75BE7F66-4B53-4A82-B126-74B05F34C6E6}.ALTIA|Any CPU.ActiveCfg = ALTIA|Any CPU
		{75BE7F66-4B53-4A82-B126-74B05F34C6E6}.ALTIA|Any CPU.Build.0 = ALTIA|Any CPU
		{75BE7F66-4B53-4A82-B126-74B05F34C6E6}.ALTIA|Any CPU.Deploy.0 = ALTIA|Any CPU
		{75BE7F66-4B53-4A82-B126-74B05F34C6E6}.AUSTRALIA|Any CPU.ActiveCfg = AUSTRALIA|Any CPU
		{75BE7F66-4B53-4A82-B126-74B05F34C6E6}.AUSTRALIA|Any CPU.Build.0 = AUSTRALIA|Any CPU
		{75BE7F66-4B53-4A82-B126-74B05F34C6E6}.AUSTRALIA|Any CPU.Deploy.0 = AUSTRALIA|Any CPU
		{75BE7F66-4B53-4A82-B126-74B05F34C6E6}.AUTOBACS|Any CPU.ActiveCfg = AUTOBACS|Any CPU
		{75BE7F66-4B53-4A82-B126-74B05F34C6E6}.AUTOBACS|Any CPU.Build.0 = AUTOBACS|Any CPU
		{75BE7F66-4B53-4A82-B126-74B05F34C6E6}.AUTOBACS|Any CPU.Deploy.0 = AUTOBACS|Any CPU
		{75BE7F66-4B53-4A82-B126-74B05F34C6E6}.Debug|Any CPU.ActiveCfg = Debug|Any CPU
		{75BE7F66-4B53-4A82-B126-74B05F34C6E6}.Debug|Any CPU.Build.0 = Debug|Any CPU
		{75BE7F66-4B53-4A82-B126-74B05F34C6E6}.Debug|Any CPU.Deploy.0 = Debug|Any CPU
		{75BE7F66-4B53-4A82-B126-74B05F34C6E6}.Release|Any CPU.ActiveCfg = Release|Any CPU
		{75BE7F66-4B53-4A82-B126-74B05F34C6E6}.Release|Any CPU.Build.0 = Release|Any CPU
		{75BE7F66-4B53-4A82-B126-74B05F34C6E6}.Release|Any CPU.Deploy.0 = Release|Any CPU
		{75BE7F66-4B53-4A82-B126-74B05F34C6E6}.SNAPON|Any CPU.ActiveCfg = SNAPON|Any CPU
		{75BE7F66-4B53-4A82-B126-74B05F34C6E6}.SNAPON|Any CPU.Build.0 = SNAPON|Any CPU
		{75BE7F66-4B53-4A82-B126-74B05F34C6E6}.SNAPON|Any CPU.Deploy.0 = SNAPON|Any CPU
		{75BE7F66-4B53-4A82-B126-74B05F34C6E6}.SNAPON2|Any CPU.ActiveCfg = SNAPON2|Any CPU
		{75BE7F66-4B53-4A82-B126-74B05F34C6E6}.SNAPON2|Any CPU.Build.0 = SNAPON2|Any CPU
		{75BE7F66-4B53-4A82-B126-74B05F34C6E6}.SNAPON2|Any CPU.Deploy.0 = SNAPON2|Any CPU
		{75BE7F66-4B53-4A82-B126-74B05F34C6E6}.TOOLPLANET|Any CPU.ActiveCfg = TOOLPLANET|Any CPU
		{75BE7F66-4B53-4A82-B126-74B05F34C6E6}.TOOLPLANET|Any CPU.Build.0 = TOOLPLANET|Any CPU
		{75BE7F66-4B53-4A82-B126-74B05F34C6E6}.TOOLPLANET|Any CPU.Deploy.0 = TOOLPLANET|Any CPU
		{E8974047-4D25-47B5-A515-B5E26F986635}.ALTIA|Any CPU.ActiveCfg = ALTIA|Any CPU
		{E8974047-4D25-47B5-A515-B5E26F986635}.ALTIA|Any CPU.Build.0 = ALTIA|Any CPU
		{E8974047-4D25-47B5-A515-B5E26F986635}.AUSTRALIA|Any CPU.ActiveCfg = AUSTRALIA|Any CPU
		{E8974047-4D25-47B5-A515-B5E26F986635}.AUSTRALIA|Any CPU.Build.0 = AUSTRALIA|Any CPU
		{E8974047-4D25-47B5-A515-B5E26F986635}.AUTOBACS|Any CPU.ActiveCfg = AUTOBACS|Any CPU
		{E8974047-4D25-47B5-A515-B5E26F986635}.AUTOBACS|Any CPU.Build.0 = AUTOBACS|Any CPU
		{E8974047-4D25-47B5-A515-B5E26F986635}.Debug|Any CPU.ActiveCfg = Debug|Any CPU
		{E8974047-4D25-47B5-A515-B5E26F986635}.Debug|Any CPU.Build.0 = Debug|Any CPU
		{E8974047-4D25-47B5-A515-B5E26F986635}.Debug|Any CPU.Deploy.0 = Debug|Any CPU
		{E8974047-4D25-47B5-A515-B5E26F986635}.Release|Any CPU.ActiveCfg = Release|Any CPU
		{E8974047-4D25-47B5-A515-B5E26F986635}.Release|Any CPU.Build.0 = Release|Any CPU
		{E8974047-4D25-47B5-A515-B5E26F986635}.Release|Any CPU.Deploy.0 = Release|Any CPU
		{E8974047-4D25-47B5-A515-B5E26F986635}.SNAPON|Any CPU.ActiveCfg = SNAPON|Any CPU
		{E8974047-4D25-47B5-A515-B5E26F986635}.SNAPON|Any CPU.Build.0 = SNAPON|Any CPU
		{E8974047-4D25-47B5-A515-B5E26F986635}.SNAPON2|Any CPU.ActiveCfg = SNAPON2|Any CPU
		{E8974047-4D25-47B5-A515-B5E26F986635}.SNAPON2|Any CPU.Build.0 = SNAPON2|Any CPU
		{E8974047-4D25-47B5-A515-B5E26F986635}.TOOLPLANET|Any CPU.ActiveCfg = TOOLPLANET|Any CPU
		{E8974047-4D25-47B5-A515-B5E26F986635}.TOOLPLANET|Any CPU.Build.0 = TOOLPLANET|Any CPU
		{9AA6FDA3-1829-4B43-9E5B-CA8C4F7E78DC}.ALTIA|Any CPU.ActiveCfg = ALTIA|Any CPU
		{9AA6FDA3-1829-4B43-9E5B-CA8C4F7E78DC}.ALTIA|Any CPU.Build.0 = ALTIA|Any CPU
		{9AA6FDA3-1829-4B43-9E5B-CA8C4F7E78DC}.AUSTRALIA|Any CPU.ActiveCfg = AUSTRALIA|Any CPU
		{9AA6FDA3-1829-4B43-9E5B-CA8C4F7E78DC}.AUSTRALIA|Any CPU.Build.0 = AUSTRALIA|Any CPU
		{9AA6FDA3-1829-4B43-9E5B-CA8C4F7E78DC}.AUTOBACS|Any CPU.ActiveCfg = AUTOBACS|Any CPU
		{9AA6FDA3-1829-4B43-9E5B-CA8C4F7E78DC}.AUTOBACS|Any CPU.Build.0 = AUTOBACS|Any CPU
		{9AA6FDA3-1829-4B43-9E5B-CA8C4F7E78DC}.Debug|Any CPU.ActiveCfg = Release|Any CPU
		{9AA6FDA3-1829-4B43-9E5B-CA8C4F7E78DC}.Debug|Any CPU.Build.0 = Release|Any CPU
		{9AA6FDA3-1829-4B43-9E5B-CA8C4F7E78DC}.Release|Any CPU.ActiveCfg = Release|Any CPU
		{9AA6FDA3-1829-4B43-9E5B-CA8C4F7E78DC}.Release|Any CPU.Build.0 = Release|Any CPU
		{9AA6FDA3-1829-4B43-9E5B-CA8C4F7E78DC}.SNAPON|Any CPU.ActiveCfg = SNAPON|Any CPU
		{9AA6FDA3-1829-4B43-9E5B-CA8C4F7E78DC}.SNAPON|Any CPU.Build.0 = SNAPON|Any CPU
		{9AA6FDA3-1829-4B43-9E5B-CA8C4F7E78DC}.SNAPON2|Any CPU.ActiveCfg = SNAPON2|Any CPU
		{9AA6FDA3-1829-4B43-9E5B-CA8C4F7E78DC}.SNAPON2|Any CPU.Build.0 = SNAPON2|Any CPU
		{9AA6FDA3-1829-4B43-9E5B-CA8C4F7E78DC}.TOOLPLANET|Any CPU.ActiveCfg = TOOLPLANET|Any CPU
		{9AA6FDA3-1829-4B43-9E5B-CA8C4F7E78DC}.TOOLPLANET|Any CPU.Build.0 = TOOLPLANET|Any CPU
		{CF28CD2A-4F80-4F21-9712-81ED8CAD3884}.ALTIA|Any CPU.ActiveCfg = ALTIA|Any CPU
		{CF28CD2A-4F80-4F21-9712-81ED8CAD3884}.AUSTRALIA|Any CPU.ActiveCfg = AUSTRALIA|Any CPU
		{CF28CD2A-4F80-4F21-9712-81ED8CAD3884}.AUTOBACS|Any CPU.ActiveCfg = AUTOBACS|Any CPU
		{CF28CD2A-4F80-4F21-9712-81ED8CAD3884}.Debug|Any CPU.ActiveCfg = Debug|Any CPU
		{CF28CD2A-4F80-4F21-9712-81ED8CAD3884}.Debug|Any CPU.Build.0 = Debug|Any CPU
		{CF28CD2A-4F80-4F21-9712-81ED8CAD3884}.Release|Any CPU.ActiveCfg = Release|Any CPU
		{CF28CD2A-4F80-4F21-9712-81ED8CAD3884}.Release|Any CPU.Build.0 = Release|Any CPU
		{CF28CD2A-4F80-4F21-9712-81ED8CAD3884}.SNAPON|Any CPU.ActiveCfg = SNAPON|Any CPU
		{CF28CD2A-4F80-4F21-9712-81ED8CAD3884}.SNAPON2|Any CPU.ActiveCfg = SNAPON2|Any CPU
		{CF28CD2A-4F80-4F21-9712-81ED8CAD3884}.TOOLPLANET|Any CPU.ActiveCfg = TOOLPLANET|Any CPU
	EndGlobalSection
	GlobalSection(SolutionProperties) = preSolution
		HideSolutionNode = FALSE
	EndGlobalSection
	GlobalSection(ExtensibilityGlobals) = postSolution
		SolutionGuid = {E15C9111-D689-4180-88D4-2C938472486A}
	EndGlobalSection
EndGlobal
